{
    "_readme": [
        "This file locks the dependencies of your project to a known state",
        "Read more about it at https://getcomposer.org/doc/01-basic-usage.md#composer-lock-the-lock-file",
        "This file is @generated automatically"
    ],
    "hash": "05b9d5bcc540d16a339c34b7b8b54f80",
    "content-hash": "8c52e4edb68fa263a95604277c86f0d8",
    "packages": [
        {
            "name": "firebase/php-jwt",
            "version": "dev-master",
            "source": {
                "type": "git",
                "url": "https://github.com/firebase/php-jwt.git",
                "reference": "3aa3d978973f080746b2f2f75b10d3f38cbb0557"
            },
            "dist": {
                "type": "zip",
                "url": "https://api.github.com/repos/firebase/php-jwt/zipball/3aa3d978973f080746b2f2f75b10d3f38cbb0557",
                "reference": "3aa3d978973f080746b2f2f75b10d3f38cbb0557",
                "shasum": ""
            },
            "require": {
                "php": ">=5.3.0"
            },
            "type": "library",
            "autoload": {
                "psr-4": {
                    "Firebase\\JWT\\": "src"
                }
            },
            "notification-url": "https://packagist.org/downloads/",
            "license": [
                "BSD-3-Clause"
            ],
            "authors": [
                {
                    "name": "Neuman Vong",
                    "email": "neuman+pear@twilio.com",
                    "role": "Developer"
                },
                {
                    "name": "Anant Narayanan",
                    "email": "anant@php.net",
                    "role": "Developer"
                }
            ],
            "description": "A simple library to encode and decode JSON Web Tokens (JWT) in PHP. Should conform to the current spec.",
            "homepage": "https://github.com/firebase/php-jwt",
            "time": "2016-08-31 23:16:29"
        },
        {
            "name": "marciioluucas/phiber",
            "version": "dev-master",
            "source": {
                "type": "git",
                "url": "https://github.com/marciioluucas/phiber.git",
                "reference": "4e0bd7b46777eb27fd50fe874d0a725239af5baa"
            },
            "dist": {
                "type": "zip",
                "url": "https://api.github.com/repos/marciioluucas/phiber/zipball/4e0bd7b46777eb27fd50fe874d0a725239af5baa",
                "reference": "4e0bd7b46777eb27fd50fe874d0a725239af5baa",
                "shasum": ""
            },
            "require": {
                "php": ">=5.3.3"
            },
            "require-dev": {
                "phpdocumentor/phpdocumentor": "2.*"
            },
            "type": "library",
            "autoload": {
                "psr-4": {
                    "phiber\\": "/",
                    "phiber\\bin\\": "bin/",
                    "phiber\\util\\": "util/"
                }
            },
            "notification-url": "https://packagist.org/downloads/",
            "license": [
                "MIT"
            ],
            "authors": [
                {
                    "name": "Márcio Lucas",
                    "email": "marciioluucas@gmail.com"
                }
            ],
            "description": "Simple PHP ORM",
            "keywords": [
                "Simple ORM",
                "automatize sql writing",
                "orm",
                "php framework",
                "php orm"
            ],
            "time": "2017-05-23 17:55:02"
        }
    ],
    "packages-dev": [],
    "aliases": [],
    "minimum-stability": "dev",
    "stability-flags": {
        "marciioluucas/phiber": 20,
        "firebase/php-jwt": 20
    },
    "prefer-stable": false,
    "prefer-lowest": false,
    "platform": [],
    "platform-dev": []
}
