{
    "_readme": [
        "This file locks the dependencies of your project to a known state",
        "Read more about it at https://getcomposer.org/doc/01-basic-usage.md#composer-lock-the-lock-file",
        "This file is @generated automatically"
    ],
    "content-hash": "1e7bc3c596b3794d0aa556e010b757af",
    "packages": [
        {
            "name": "marciioluucas/phiber",
            "version": "dev-master",
            "source": {
                "type": "git",
                "url": "https://github.com/marciioluucas/phiber.git",
                "reference": "f531e1b38cdffc4a250352ea18d304e7f7520c53"
            },
            "dist": {
                "type": "zip",
                "url": "https://api.github.com/repos/marciioluucas/phiber/zipball/f531e1b38cdffc4a250352ea18d304e7f7520c53",
                "reference": "f531e1b38cdffc4a250352ea18d304e7f7520c53",
                "shasum": ""
            },
            "require": {
                "php": ">=5.3.3"
            },
            "require-dev": {
                "phpdocumentor/phpdocumentor": "2.*"
            },
            "type": "library",
            "autoload": {
                "psr-4": {
                    "phiber\\": "/",
                    "phiber\\bin\\": "bin/",
                    "phiber\\util\\": "util/"
                }
            },
            "notification-url": "https://packagist.org/downloads/",
            "license": [
                "MIT"
            ],
            "authors": [
                {
                    "name": "Márcio Lucas",
                    "email": "marciioluucas@gmail.com"
                }
            ],
            "description": "Simples biblioteca ORM para PHP",
            "time": "2017-05-16 01:23:38"
        }
    ],
    "packages-dev": [],
    "aliases": [],
    "minimum-stability": "dev",
    "stability-flags": {
        "marciioluucas/phiber": 20
    },
    "prefer-stable": false,
    "prefer-lowest": false,
    "platform": [],
    "platform-dev": []
}
